
Microsoft Visual Studio Solution File, Format Version 12.00
# Visual Studio 15
VisualStudioVersion = 15.0.27130.2026
MinimumVisualStudioVersion = 10.0.40219.1
Project("{FAE04EC0-301F-11D3-BF4B-00C04F79EFBC}") = "Lab2_Edwin_Ana", "Lab2_Edwin_Ana\Lab2_Edwin_Ana.csproj", "{C13FFF39-1BD2-4D4A-AB59-F166335DA649}"
EndProject
Project("{FAE04EC0-301F-11D3-BF4B-00C04F79EFBC}") = "BibliotecaArbol", "BibliotecaArbol\BibliotecaArbol.csproj", "{C7483E11-1B87-4FB6-9AA2-750FAF9E5E85}"
EndProject
Global
	GlobalSection(SolutionConfigurationPlatforms) = preSolution
		Debug|Any CPU = Debug|Any CPU
		Release|Any CPU = Release|Any CPU
	EndGlobalSection
	GlobalSection(ProjectConfigurationPlatforms) = postSolution
		{C13FFF39-1BD2-4D4A-AB59-F166335DA649}.Debug|Any CPU.ActiveCfg = Debug|Any CPU
		{C13FFF39-1BD2-4D4A-AB59-F166335DA649}.Debug|Any CPU.Build.0 = Debug|Any CPU
		{C13FFF39-1BD2-4D4A-AB59-F166335DA649}.Release|Any CPU.ActiveCfg = Release|Any CPU
		{C13FFF39-1BD2-4D4A-AB59-F166335DA649}.Release|Any CPU.Build.0 = Release|Any CPU
		{C7483E11-1B87-4FB6-9AA2-750FAF9E5E85}.Debug|Any CPU.ActiveCfg = Debug|Any CPU
		{C7483E11-1B87-4FB6-9AA2-750FAF9E5E85}.Debug|Any CPU.Build.0 = Debug|Any CPU
		{C7483E11-1B87-4FB6-9AA2-750FAF9E5E85}.Release|Any CPU.ActiveCfg = Release|Any CPU
		{C7483E11-1B87-4FB6-9AA2-750FAF9E5E85}.Release|Any CPU.Build.0 = Release|Any CPU
	EndGlobalSection
	GlobalSection(SolutionProperties) = preSolution
		HideSolutionNode = FALSE
	EndGlobalSection
	GlobalSection(ExtensibilityGlobals) = postSolution
		SolutionGuid = {05AA1041-F10C-4E4B-AD79-CEC36E5644C5}
	EndGlobalSection
EndGlobal
